
Microsoft Visual Studio Solution File, Format Version 12.00
# Visual Studio Version 17
VisualStudioVersion = 17.6.33829.357
MinimumVisualStudioVersion = 10.0.40219.1
Project("{54A90642-561A-4BB1-A94E-469ADEE60C69}") = "101354581_COMP3123-exec02", "101354581_COMP3123-exec02.esproj", "{27C8408A-1E27-4558-899D-291E884913FB}"
EndProject
Global
	GlobalSection(SolutionConfigurationPlatforms) = preSolution
		Debug|Any CPU = Debug|Any CPU
		Release|Any CPU = Release|Any CPU
	EndGlobalSection
	GlobalSection(ProjectConfigurationPlatforms) = postSolution
		{27C8408A-1E27-4558-899D-291E884913FB}.Debug|Any CPU.ActiveCfg = Debug|Any CPU
		{27C8408A-1E27-4558-899D-291E884913FB}.Debug|Any CPU.Build.0 = Debug|Any CPU
		{27C8408A-1E27-4558-899D-291E884913FB}.Debug|Any CPU.Deploy.0 = Debug|Any CPU
		{27C8408A-1E27-4558-899D-291E884913FB}.Release|Any CPU.ActiveCfg = Release|Any CPU
		{27C8408A-1E27-4558-899D-291E884913FB}.Release|Any CPU.Build.0 = Release|Any CPU
		{27C8408A-1E27-4558-899D-291E884913FB}.Release|Any CPU.Deploy.0 = Release|Any CPU
	EndGlobalSection
	GlobalSection(SolutionProperties) = preSolution
		HideSolutionNode = FALSE
	EndGlobalSection
	GlobalSection(ExtensibilityGlobals) = postSolution
		SolutionGuid = {A722508C-1245-49C3-877A-DDEA33A90097}
	EndGlobalSection
EndGlobal
